
Microsoft Visual Studio Solution File, Format Version 12.00
# Visual Studio Version 16
VisualStudioVersion = 16.0.31321.278
MinimumVisualStudioVersion = 10.0.40219.1
Project("{FAE04EC0-301F-11D3-BF4B-00C04F79EFBC}") = "ConwaysGameofLife WFA", "ConwaysGameofLife WFA\ConwaysGameofLife WFA.csproj", "{5218D483-259A-4D91-98CB-7D42F8F6BD06}"
EndProject
Global
	GlobalSection(SolutionConfigurationPlatforms) = preSolution
		Debug|Any CPU = Debug|Any CPU
		Release|Any CPU = Release|Any CPU
	EndGlobalSection
	GlobalSection(ProjectConfigurationPlatforms) = postSolution
		{5218D483-259A-4D91-98CB-7D42F8F6BD06}.Debug|Any CPU.ActiveCfg = Debug|Any CPU
		{5218D483-259A-4D91-98CB-7D42F8F6BD06}.Debug|Any CPU.Build.0 = Debug|Any CPU
		{5218D483-259A-4D91-98CB-7D42F8F6BD06}.Release|Any CPU.ActiveCfg = Release|Any CPU
		{5218D483-259A-4D91-98CB-7D42F8F6BD06}.Release|Any CPU.Build.0 = Release|Any CPU
	EndGlobalSection
	GlobalSection(SolutionProperties) = preSolution
		HideSolutionNode = FALSE
	EndGlobalSection
	GlobalSection(ExtensibilityGlobals) = postSolution
		SolutionGuid = {2088ABBC-1BB5-4DFB-88D6-0086C1FC68DC}
	EndGlobalSection
EndGlobal
